
Microsoft Visual Studio Solution File, Format Version 12.00
# Visual Studio Version 16
VisualStudioVersion = 16.0.30907.101
MinimumVisualStudioVersion = 10.0.40219.1
Project("{FAE04EC0-301F-11D3-BF4B-00C04F79EFBC}") = "Lab2_Stru_IVT-7_V8", "Lab2_Stru_IVT-7_V8\Lab2_Stru_IVT-7_V8.csproj", "{8976DF9C-4118-48F0-8B4B-19480E56FE94}"
EndProject
Global
	GlobalSection(SolutionConfigurationPlatforms) = preSolution
		Debug|Any CPU = Debug|Any CPU
		Release|Any CPU = Release|Any CPU
	EndGlobalSection
	GlobalSection(ProjectConfigurationPlatforms) = postSolution
		{8976DF9C-4118-48F0-8B4B-19480E56FE94}.Debug|Any CPU.ActiveCfg = Debug|Any CPU
		{8976DF9C-4118-48F0-8B4B-19480E56FE94}.Debug|Any CPU.Build.0 = Debug|Any CPU
		{8976DF9C-4118-48F0-8B4B-19480E56FE94}.Release|Any CPU.ActiveCfg = Release|Any CPU
		{8976DF9C-4118-48F0-8B4B-19480E56FE94}.Release|Any CPU.Build.0 = Release|Any CPU
	EndGlobalSection
	GlobalSection(SolutionProperties) = preSolution
		HideSolutionNode = FALSE
	EndGlobalSection
	GlobalSection(ExtensibilityGlobals) = postSolution
		SolutionGuid = {4049D7FD-8E34-46F4-BA37-99E461BEC4EF}
	EndGlobalSection
EndGlobal
